
Microsoft Visual Studio Solution File, Format Version 12.00
# Visual Studio 15
VisualStudioVersion = 15.0.26430.14
MinimumVisualStudioVersion = 10.0.40219.1
Project("{2150E333-8FDC-42A3-9474-1A3956D46DE8}") = "FrontEnd", "FrontEnd", "{BE0309F0-9286-43DC-8324-48A73F14478C}"
EndProject
Project("{FAE04EC0-301F-11D3-BF4B-00C04F79EFBC}") = "OchUploader.FrontEnd.WPF", "OchUploader.FrontEnd.WPF\OchUploader.FrontEnd.WPF.csproj", "{46F557A6-7E23-4839-B219-D10F0E0DC897}"
EndProject
Project("{9A19103F-16F7-4668-BE54-9A1E7A4F7556}") = "OchUploader", "OchUploader\OchUploader.csproj", "{6E1FA8ED-E8C2-4544-BACD-52041FBAAA25}"
EndProject
Project("{9A19103F-16F7-4668-BE54-9A1E7A4F7556}") = "OchUploader.Api", "OchUploader.Api\OchUploader.Api.csproj", "{69AEFFB2-4E14-4193-AA03-96924DCDA6BF}"
EndProject
Project("{FAE04EC0-301F-11D3-BF4B-00C04F79EFBC}") = "OchUploader.Tests", "OchUploader.Tests\OchUploader.Tests.csproj", "{7A96192C-2156-4860-8341-668CD125DD81}"
EndProject
Global
	GlobalSection(SolutionConfigurationPlatforms) = preSolution
		Debug|Any CPU = Debug|Any CPU
		Release|Any CPU = Release|Any CPU
	EndGlobalSection
	GlobalSection(ProjectConfigurationPlatforms) = postSolution
		{46F557A6-7E23-4839-B219-D10F0E0DC897}.Debug|Any CPU.ActiveCfg = Debug|Any CPU
		{46F557A6-7E23-4839-B219-D10F0E0DC897}.Debug|Any CPU.Build.0 = Debug|Any CPU
		{46F557A6-7E23-4839-B219-D10F0E0DC897}.Release|Any CPU.ActiveCfg = Release|Any CPU
		{46F557A6-7E23-4839-B219-D10F0E0DC897}.Release|Any CPU.Build.0 = Release|Any CPU
		{6E1FA8ED-E8C2-4544-BACD-52041FBAAA25}.Debug|Any CPU.ActiveCfg = Debug|Any CPU
		{6E1FA8ED-E8C2-4544-BACD-52041FBAAA25}.Debug|Any CPU.Build.0 = Debug|Any CPU
		{6E1FA8ED-E8C2-4544-BACD-52041FBAAA25}.Release|Any CPU.ActiveCfg = Release|Any CPU
		{6E1FA8ED-E8C2-4544-BACD-52041FBAAA25}.Release|Any CPU.Build.0 = Release|Any CPU
		{69AEFFB2-4E14-4193-AA03-96924DCDA6BF}.Debug|Any CPU.ActiveCfg = Debug|Any CPU
		{69AEFFB2-4E14-4193-AA03-96924DCDA6BF}.Debug|Any CPU.Build.0 = Debug|Any CPU
		{69AEFFB2-4E14-4193-AA03-96924DCDA6BF}.Release|Any CPU.ActiveCfg = Release|Any CPU
		{69AEFFB2-4E14-4193-AA03-96924DCDA6BF}.Release|Any CPU.Build.0 = Release|Any CPU
		{7A96192C-2156-4860-8341-668CD125DD81}.Debug|Any CPU.ActiveCfg = Debug|Any CPU
		{7A96192C-2156-4860-8341-668CD125DD81}.Debug|Any CPU.Build.0 = Debug|Any CPU
		{7A96192C-2156-4860-8341-668CD125DD81}.Release|Any CPU.ActiveCfg = Release|Any CPU
		{7A96192C-2156-4860-8341-668CD125DD81}.Release|Any CPU.Build.0 = Release|Any CPU
	EndGlobalSection
	GlobalSection(SolutionProperties) = preSolution
		HideSolutionNode = FALSE
	EndGlobalSection
	GlobalSection(NestedProjects) = preSolution
		{46F557A6-7E23-4839-B219-D10F0E0DC897} = {BE0309F0-9286-43DC-8324-48A73F14478C}
	EndGlobalSection
EndGlobal
